{
  "name": "agent-workflow",
  "version": "2.1.3",
  "lockfileVersion": 3,
  "requires": true,
  "packages": {
    "": {
      "name": "agent-workflow",
      "version": "2.1.3",
      "license": "MIT",
      "bin": {
        "agent-workflow": "bin/cli.js"
      },
      "engines": {
        "node": ">=18.0.0"
      }
    }
  }
}
